
Microsoft Visual Studio Solution File, Format Version 12.00
# Visual Studio 15
VisualStudioVersion = 15.0.26228.4
MinimumVisualStudioVersion = 10.0.40219.1
Project("{2150E333-8FDC-42A3-9474-1A3956D46DE8}") = "src", "src", "{B0DD474E-025E-4274-9198-133B38685DB3}"
EndProject
Project("{2150E333-8FDC-42A3-9474-1A3956D46DE8}") = "test", "test", "{901D77D0-17AC-4ED1-8DB9-A9C376597601}"
EndProject
Project("{9A19103F-16F7-4668-BE54-9A1E7A4F7556}") = "UpsCoolWeb.Web", "src\UpsCoolWeb.Web\UpsCoolWeb.Web.csproj", "{DCCBF32F-3D1E-44FA-8D67-CAFFA7712801}"
EndProject
Project("{9A19103F-16F7-4668-BE54-9A1E7A4F7556}") = "UpsCoolWeb.Components", "src\UpsCoolWeb.Components\UpsCoolWeb.Components.csproj", "{27E6512B-AA5F-4DA7-ABF2-620C84DD81F0}"
EndProject
Project("{9A19103F-16F7-4668-BE54-9A1E7A4F7556}") = "UpsCoolWeb.Resources", "src\UpsCoolWeb.Resources\UpsCoolWeb.Resources.csproj", "{7640B146-ACDD-4D25-855D-50DAFC970FCC}"
EndProject
Project("{9A19103F-16F7-4668-BE54-9A1E7A4F7556}") = "UpsCoolWeb.Objects", "src\UpsCoolWeb.Objects\UpsCoolWeb.Objects.csproj", "{C798DC33-A58D-4037-968A-501691AEDC99}"
EndProject
Project("{9A19103F-16F7-4668-BE54-9A1E7A4F7556}") = "UpsCoolWeb.Data", "src\UpsCoolWeb.Data\UpsCoolWeb.Data.csproj", "{725F411C-7BA8-4C24-A249-6AE549733A9A}"
EndProject
Project("{9A19103F-16F7-4668-BE54-9A1E7A4F7556}") = "UpsCoolWeb.Services", "src\UpsCoolWeb.Services\UpsCoolWeb.Services.csproj", "{2BF865D1-07F0-493F-AC7A-4FA9D8DD508C}"
EndProject
Project("{9A19103F-16F7-4668-BE54-9A1E7A4F7556}") = "UpsCoolWeb.Validators", "src\UpsCoolWeb.Validators\UpsCoolWeb.Validators.csproj", "{606D3E6C-643A-40B9-83EC-8C43A0B3E098}"
EndProject
Project("{9A19103F-16F7-4668-BE54-9A1E7A4F7556}") = "UpsCoolWeb", "src\UpsCoolWeb\UpsCoolWeb.csproj", "{089A5DF2-6112-4A59-BF9B-3DCD45B9D7A6}"
EndProject
Project("{9A19103F-16F7-4668-BE54-9A1E7A4F7556}") = "UpsCoolWeb.Controllers", "src\UpsCoolWeb.Controllers\UpsCoolWeb.Controllers.csproj", "{4777172D-6044-41FD-9480-EA836D70AD73}"
EndProject
Project("{9A19103F-16F7-4668-BE54-9A1E7A4F7556}") = "UpsCoolWeb.Tests", "test\UpsCoolWeb.Tests\UpsCoolWeb.Tests.csproj", "{2F7B7315-BF05-461F-9472-490DC607ABFD}"
EndProject
Global
	GlobalSection(SolutionConfigurationPlatforms) = preSolution
		Debug|Any CPU = Debug|Any CPU
		Release|Any CPU = Release|Any CPU
	EndGlobalSection
	GlobalSection(ProjectConfigurationPlatforms) = postSolution
		{DCCBF32F-3D1E-44FA-8D67-CAFFA7712801}.Debug|Any CPU.ActiveCfg = Debug|Any CPU
		{DCCBF32F-3D1E-44FA-8D67-CAFFA7712801}.Debug|Any CPU.Build.0 = Debug|Any CPU
		{DCCBF32F-3D1E-44FA-8D67-CAFFA7712801}.Release|Any CPU.ActiveCfg = Release|Any CPU
		{DCCBF32F-3D1E-44FA-8D67-CAFFA7712801}.Release|Any CPU.Build.0 = Release|Any CPU
		{27E6512B-AA5F-4DA7-ABF2-620C84DD81F0}.Debug|Any CPU.ActiveCfg = Debug|Any CPU
		{27E6512B-AA5F-4DA7-ABF2-620C84DD81F0}.Debug|Any CPU.Build.0 = Debug|Any CPU
		{27E6512B-AA5F-4DA7-ABF2-620C84DD81F0}.Release|Any CPU.ActiveCfg = Release|Any CPU
		{27E6512B-AA5F-4DA7-ABF2-620C84DD81F0}.Release|Any CPU.Build.0 = Release|Any CPU
		{7640B146-ACDD-4D25-855D-50DAFC970FCC}.Debug|Any CPU.ActiveCfg = Debug|Any CPU
		{7640B146-ACDD-4D25-855D-50DAFC970FCC}.Debug|Any CPU.Build.0 = Debug|Any CPU
		{7640B146-ACDD-4D25-855D-50DAFC970FCC}.Release|Any CPU.ActiveCfg = Release|Any CPU
		{7640B146-ACDD-4D25-855D-50DAFC970FCC}.Release|Any CPU.Build.0 = Release|Any CPU
		{C798DC33-A58D-4037-968A-501691AEDC99}.Debug|Any CPU.ActiveCfg = Debug|Any CPU
		{C798DC33-A58D-4037-968A-501691AEDC99}.Debug|Any CPU.Build.0 = Debug|Any CPU
		{C798DC33-A58D-4037-968A-501691AEDC99}.Release|Any CPU.ActiveCfg = Release|Any CPU
		{C798DC33-A58D-4037-968A-501691AEDC99}.Release|Any CPU.Build.0 = Release|Any CPU
		{725F411C-7BA8-4C24-A249-6AE549733A9A}.Debug|Any CPU.ActiveCfg = Debug|Any CPU
		{725F411C-7BA8-4C24-A249-6AE549733A9A}.Debug|Any CPU.Build.0 = Debug|Any CPU
		{725F411C-7BA8-4C24-A249-6AE549733A9A}.Release|Any CPU.ActiveCfg = Release|Any CPU
		{725F411C-7BA8-4C24-A249-6AE549733A9A}.Release|Any CPU.Build.0 = Release|Any CPU
		{2BF865D1-07F0-493F-AC7A-4FA9D8DD508C}.Debug|Any CPU.ActiveCfg = Debug|Any CPU
		{2BF865D1-07F0-493F-AC7A-4FA9D8DD508C}.Debug|Any CPU.Build.0 = Debug|Any CPU
		{2BF865D1-07F0-493F-AC7A-4FA9D8DD508C}.Release|Any CPU.ActiveCfg = Release|Any CPU
		{2BF865D1-07F0-493F-AC7A-4FA9D8DD508C}.Release|Any CPU.Build.0 = Release|Any CPU
		{606D3E6C-643A-40B9-83EC-8C43A0B3E098}.Debug|Any CPU.ActiveCfg = Debug|Any CPU
		{606D3E6C-643A-40B9-83EC-8C43A0B3E098}.Debug|Any CPU.Build.0 = Debug|Any CPU
		{606D3E6C-643A-40B9-83EC-8C43A0B3E098}.Release|Any CPU.ActiveCfg = Release|Any CPU
		{606D3E6C-643A-40B9-83EC-8C43A0B3E098}.Release|Any CPU.Build.0 = Release|Any CPU
		{089A5DF2-6112-4A59-BF9B-3DCD45B9D7A6}.Debug|Any CPU.ActiveCfg = Debug|Any CPU
		{089A5DF2-6112-4A59-BF9B-3DCD45B9D7A6}.Debug|Any CPU.Build.0 = Debug|Any CPU
		{089A5DF2-6112-4A59-BF9B-3DCD45B9D7A6}.Release|Any CPU.ActiveCfg = Release|Any CPU
		{089A5DF2-6112-4A59-BF9B-3DCD45B9D7A6}.Release|Any CPU.Build.0 = Release|Any CPU
		{4777172D-6044-41FD-9480-EA836D70AD73}.Debug|Any CPU.ActiveCfg = Debug|Any CPU
		{4777172D-6044-41FD-9480-EA836D70AD73}.Debug|Any CPU.Build.0 = Debug|Any CPU
		{4777172D-6044-41FD-9480-EA836D70AD73}.Release|Any CPU.ActiveCfg = Release|Any CPU
		{4777172D-6044-41FD-9480-EA836D70AD73}.Release|Any CPU.Build.0 = Release|Any CPU
		{2F7B7315-BF05-461F-9472-490DC607ABFD}.Debug|Any CPU.ActiveCfg = Debug|Any CPU
		{2F7B7315-BF05-461F-9472-490DC607ABFD}.Debug|Any CPU.Build.0 = Debug|Any CPU
		{2F7B7315-BF05-461F-9472-490DC607ABFD}.Release|Any CPU.ActiveCfg = Release|Any CPU
		{2F7B7315-BF05-461F-9472-490DC607ABFD}.Release|Any CPU.Build.0 = Release|Any CPU
	EndGlobalSection
	GlobalSection(SolutionProperties) = preSolution
		HideSolutionNode = FALSE
	EndGlobalSection
	GlobalSection(NestedProjects) = preSolution
		{DCCBF32F-3D1E-44FA-8D67-CAFFA7712801} = {B0DD474E-025E-4274-9198-133B38685DB3}
		{27E6512B-AA5F-4DA7-ABF2-620C84DD81F0} = {B0DD474E-025E-4274-9198-133B38685DB3}
		{7640B146-ACDD-4D25-855D-50DAFC970FCC} = {B0DD474E-025E-4274-9198-133B38685DB3}
		{C798DC33-A58D-4037-968A-501691AEDC99} = {B0DD474E-025E-4274-9198-133B38685DB3}
		{725F411C-7BA8-4C24-A249-6AE549733A9A} = {B0DD474E-025E-4274-9198-133B38685DB3}
		{2BF865D1-07F0-493F-AC7A-4FA9D8DD508C} = {B0DD474E-025E-4274-9198-133B38685DB3}
		{606D3E6C-643A-40B9-83EC-8C43A0B3E098} = {B0DD474E-025E-4274-9198-133B38685DB3}
		{089A5DF2-6112-4A59-BF9B-3DCD45B9D7A6} = {B0DD474E-025E-4274-9198-133B38685DB3}
		{4777172D-6044-41FD-9480-EA836D70AD73} = {B0DD474E-025E-4274-9198-133B38685DB3}
		{2F7B7315-BF05-461F-9472-490DC607ABFD} = {901D77D0-17AC-4ED1-8DB9-A9C376597601}
	EndGlobalSection
EndGlobal
